// !$*UTF8*$!
{
	archiveVersion = 1;
	classes = {
	};
	objectVersion = 77;
	objects = {

/* Begin PBXBuildFile section */
		75813ED82D08FD6200076442 /* Poppins-Black.ttf in Resources */ = {isa = PBXBuildFile; fileRef = 75813EC52D08FD6200076442 /* Poppins-Black.ttf */; };
		75813ED92D08FD6200076442 /* Poppins-Bold.ttf in Resources */ = {isa = PBXBuildFile; fileRef = 75813EC72D08FD6200076442 /* Poppins-Bold.ttf */; };
		75813EDA2D08FD6200076442 /* Poppins-Italic.ttf in Resources */ = {isa = PBXBuildFile; fileRef = 75813ECD2D08FD6200076442 /* Poppins-Italic.ttf */; };
		75813EDC2D08FD6200076442 /* Poppins-ThinItalic.ttf in Resources */ = {isa = PBXBuildFile; fileRef = 75813ED62D08FD6200076442 /* Poppins-ThinItalic.ttf */; };
		75813EDD2D08FD6200076442 /* Poppins-ExtraLightItalic.ttf in Resources */ = {isa = PBXBuildFile; fileRef = 75813ECC2D08FD6200076442 /* Poppins-ExtraLightItalic.ttf */; };
		75813EDE2D08FD6200076442 /* Poppins-SemiBold.ttf in Resources */ = {isa = PBXBuildFile; fileRef = 75813ED32D08FD6200076442 /* Poppins-SemiBold.ttf */; };
		75813EDF2D08FD6200076442 /* Poppins-ExtraLight.ttf in Resources */ = {isa = PBXBuildFile; fileRef = 75813ECB2D08FD6200076442 /* Poppins-ExtraLight.ttf */; };
		75813EE02D08FD6200076442 /* Poppins-BlackItalic.ttf in Resources */ = {isa = PBXBuildFile; fileRef = 75813EC62D08FD6200076442 /* Poppins-BlackItalic.ttf */; };
		75813EE12D08FD6200076442 /* Poppins-Light.ttf in Resources */ = {isa = PBXBuildFile; fileRef = 75813ECE2D08FD6200076442 /* Poppins-Light.ttf */; };
		75813EE22D08FD6200076442 /* Poppins-SemiBoldItalic.ttf in Resources */ = {isa = PBXBuildFile; fileRef = 75813ED42D08FD6200076442 /* Poppins-SemiBoldItalic.ttf */; };
		75813EE32D08FD6200076442 /* Poppins-Medium.ttf in Resources */ = {isa = PBXBuildFile; fileRef = 75813ED02D08FD6200076442 /* Poppins-Medium.ttf */; };
		75813EE42D08FD6200076442 /* Poppins-MediumItalic.ttf in Resources */ = {isa = PBXBuildFile; fileRef = 75813ED12D08FD6200076442 /* Poppins-MediumItalic.ttf */; };
		75813EE52D08FD6200076442 /* Poppins-LightItalic.ttf in Resources */ = {isa = PBXBuildFile; fileRef = 75813ECF2D08FD6200076442 /* Poppins-LightItalic.ttf */; };
		75813EE62D08FD6200076442 /* Poppins-ExtraBold.ttf in Resources */ = {isa = PBXBuildFile; fileRef = 75813EC92D08FD6200076442 /* Poppins-ExtraBold.ttf */; };
		75813EE72D08FD6200076442 /* Poppins-Regular.ttf in Resources */ = {isa = PBXBuildFile; fileRef = 75813ED22D08FD6200076442 /* Poppins-Regular.ttf */; };
		75813EE82D08FD6200076442 /* Poppins-BoldItalic.ttf in Resources */ = {isa = PBXBuildFile; fileRef = 75813EC82D08FD6200076442 /* Poppins-BoldItalic.ttf */; };
		75813EE92D08FD6200076442 /* Poppins-Thin.ttf in Resources */ = {isa = PBXBuildFile; fileRef = 75813ED52D08FD6200076442 /* Poppins-Thin.ttf */; };
		75813EEA2D08FD6200076442 /* Poppins-ExtraBoldItalic.ttf in Resources */ = {isa = PBXBuildFile; fileRef = 75813ECA2D08FD6200076442 /* Poppins-ExtraBoldItalic.ttf */; };
/* End PBXBuildFile section */

/* Begin PBXContainerItemProxy section */
		75813E682D07CD8300076442 /* PBXContainerItemProxy */ = {
			isa = PBXContainerItemProxy;
			containerPortal = 75813E4F2D07CD8200076442 /* Project object */;
			proxyType = 1;
			remoteGlobalIDString = 75813E562D07CD8200076442;
			remoteInfo = Tiqzy;
		};
		75813E722D07CD8300076442 /* PBXContainerItemProxy */ = {
			isa = PBXContainerItemProxy;
			containerPortal = 75813E4F2D07CD8200076442 /* Project object */;
			proxyType = 1;
			remoteGlobalIDString = 75813E562D07CD8200076442;
			remoteInfo = Tiqzy;
		};
/* End PBXContainerItemProxy section */

/* Begin PBXFileReference section */
		75813E572D07CD8200076442 /* Tiqzy.app */ = {isa = PBXFileReference; explicitFileType = wrapper.application; includeInIndex = 0; path = Tiqzy.app; sourceTree = BUILT_PRODUCTS_DIR; };
		75813E672D07CD8300076442 /* TiqzyTests.xctest */ = {isa = PBXFileReference; explicitFileType = wrapper.cfbundle; includeInIndex = 0; path = TiqzyTests.xctest; sourceTree = BUILT_PRODUCTS_DIR; };
		75813E712D07CD8300076442 /* TiqzyUITests.xctest */ = {isa = PBXFileReference; explicitFileType = wrapper.cfbundle; includeInIndex = 0; path = TiqzyUITests.xctest; sourceTree = BUILT_PRODUCTS_DIR; };
		75813EC52D08FD6200076442 /* Poppins-Black.ttf */ = {isa = PBXFileReference; lastKnownFileType = file; path = "Poppins-Black.ttf"; sourceTree = "<group>"; };
		75813EC62D08FD6200076442 /* Poppins-BlackItalic.ttf */ = {isa = PBXFileReference; lastKnownFileType = file; path = "Poppins-BlackItalic.ttf"; sourceTree = "<group>"; };
		75813EC72D08FD6200076442 /* Poppins-Bold.ttf */ = {isa = PBXFileReference; lastKnownFileType = file; path = "Poppins-Bold.ttf"; sourceTree = "<group>"; };
		75813EC82D08FD6200076442 /* Poppins-BoldItalic.ttf */ = {isa = PBXFileReference; lastKnownFileType = file; path = "Poppins-BoldItalic.ttf"; sourceTree = "<group>"; };
		75813EC92D08FD6200076442 /* Poppins-ExtraBold.ttf */ = {isa = PBXFileReference; lastKnownFileType = file; path = "Poppins-ExtraBold.ttf"; sourceTree = "<group>"; };
		75813ECA2D08FD6200076442 /* Poppins-ExtraBoldItalic.ttf */ = {isa = PBXFileReference; lastKnownFileType = file; path = "Poppins-ExtraBoldItalic.ttf"; sourceTree = "<group>"; };
		75813ECB2D08FD6200076442 /* Poppins-ExtraLight.ttf */ = {isa = PBXFileReference; lastKnownFileType = file; path = "Poppins-ExtraLight.ttf"; sourceTree = "<group>"; };
		75813ECC2D08FD6200076442 /* Poppins-ExtraLightItalic.ttf */ = {isa = PBXFileReference; lastKnownFileType = file; path = "Poppins-ExtraLightItalic.ttf"; sourceTree = "<group>"; };
		75813ECD2D08FD6200076442 /* Poppins-Italic.ttf */ = {isa = PBXFileReference; lastKnownFileType = file; path = "Poppins-Italic.ttf"; sourceTree = "<group>"; };
		75813ECE2D08FD6200076442 /* Poppins-Light.ttf */ = {isa = PBXFileReference; lastKnownFileType = file; path = "Poppins-Light.ttf"; sourceTree = "<group>"; };
		75813ECF2D08FD6200076442 /* Poppins-LightItalic.ttf */ = {isa = PBXFileReference; lastKnownFileType = file; path = "Poppins-LightItalic.ttf"; sourceTree = "<group>"; };
		75813ED02D08FD6200076442 /* Poppins-Medium.ttf */ = {isa = PBXFileReference; lastKnownFileType = file; path = "Poppins-Medium.ttf"; sourceTree = "<group>"; };
		75813ED12D08FD6200076442 /* Poppins-MediumItalic.ttf */ = {isa = PBXFileReference; lastKnownFileType = file; path = "Poppins-MediumItalic.ttf"; sourceTree = "<group>"; };
		75813ED22D08FD6200076442 /* Poppins-Regular.ttf */ = {isa = PBXFileReference; lastKnownFileType = file; path = "Poppins-Regular.ttf"; sourceTree = "<group>"; };
		75813ED32D08FD6200076442 /* Poppins-SemiBold.ttf */ = {isa = PBXFileReference; lastKnownFileType = file; path = "Poppins-SemiBold.ttf"; sourceTree = "<group>"; };
		75813ED42D08FD6200076442 /* Poppins-SemiBoldItalic.ttf */ = {isa = PBXFileReference; lastKnownFileType = file; path = "Poppins-SemiBoldItalic.ttf"; sourceTree = "<group>"; };
		75813ED52D08FD6200076442 /* Poppins-Thin.ttf */ = {isa = PBXFileReference; lastKnownFileType = file; path = "Poppins-Thin.ttf"; sourceTree = "<group>"; };
		75813ED62D08FD6200076442 /* Poppins-ThinItalic.ttf */ = {isa = PBXFileReference; lastKnownFileType = file; path = "Poppins-ThinItalic.ttf"; sourceTree = "<group>"; };
/* End PBXFileReference section */

/* Begin PBXFileSystemSynchronizedBuildFileExceptionSet section */
		75813EEC2D08FEFE00076442 /* Exceptions for "Tiqzy" folder in "Tiqzy" target */ = {
			isa = PBXFileSystemSynchronizedBuildFileExceptionSet;
			membershipExceptions = (
				Info.plist,
			);
			target = 75813E562D07CD8200076442 /* Tiqzy */;
		};
/* End PBXFileSystemSynchronizedBuildFileExceptionSet section */

/* Begin PBXFileSystemSynchronizedRootGroup section */
		75813E592D07CD8200076442 /* Tiqzy */ = {
			isa = PBXFileSystemSynchronizedRootGroup;
			exceptions = (
				75813EEC2D08FEFE00076442 /* Exceptions for "Tiqzy" folder in "Tiqzy" target */,
			);
			path = Tiqzy;
			sourceTree = "<group>";
		};
		75813E6A2D07CD8300076442 /* TiqzyTests */ = {
			isa = PBXFileSystemSynchronizedRootGroup;
			path = TiqzyTests;
			sourceTree = "<group>";
		};
		75813E742D07CD8300076442 /* TiqzyUITests */ = {
			isa = PBXFileSystemSynchronizedRootGroup;
			path = TiqzyUITests;
			sourceTree = "<group>";
		};
/* End PBXFileSystemSynchronizedRootGroup section */

/* Begin PBXFrameworksBuildPhase section */
		75813E542D07CD8200076442 /* Frameworks */ = {
			isa = PBXFrameworksBuildPhase;
			buildActionMask = 2147483647;
			files = (
			);
			runOnlyForDeploymentPostprocessing = 0;
		};
		75813E642D07CD8300076442 /* Frameworks */ = {
			isa = PBXFrameworksBuildPhase;
			buildActionMask = 2147483647;
			files = (
			);
			runOnlyForDeploymentPostprocessing = 0;
		};
		75813E6E2D07CD8300076442 /* Frameworks */ = {
			isa = PBXFrameworksBuildPhase;
			buildActionMask = 2147483647;
			files = (
			);
			runOnlyForDeploymentPostprocessing = 0;
		};
/* End PBXFrameworksBuildPhase section */

/* Begin PBXGroup section */
		75813E4E2D07CD8200076442 = {
			isa = PBXGroup;
			children = (
				75813E592D07CD8200076442 /* Tiqzy */,
				75813E6A2D07CD8300076442 /* TiqzyTests */,
				75813E742D07CD8300076442 /* TiqzyUITests */,
				75813E582D07CD8200076442 /* Products */,
				75813ED72D08FD6200076442 /* Poppins */,
			);
			sourceTree = "<group>";
		};
		75813E582D07CD8200076442 /* Products */ = {
			isa = PBXGroup;
			children = (
				75813E572D07CD8200076442 /* Tiqzy.app */,
				75813E672D07CD8300076442 /* TiqzyTests.xctest */,
				75813E712D07CD8300076442 /* TiqzyUITests.xctest */,
			);
			name = Products;
			sourceTree = "<group>";
		};
		75813ED72D08FD6200076442 /* Poppins */ = {
			isa = PBXGroup;
			children = (
				75813EC52D08FD6200076442 /* Poppins-Black.ttf */,
				75813EC62D08FD6200076442 /* Poppins-BlackItalic.ttf */,
				75813EC72D08FD6200076442 /* Poppins-Bold.ttf */,
				75813EC82D08FD6200076442 /* Poppins-BoldItalic.ttf */,
				75813EC92D08FD6200076442 /* Poppins-ExtraBold.ttf */,
				75813ECA2D08FD6200076442 /* Poppins-ExtraBoldItalic.ttf */,
				75813ECB2D08FD6200076442 /* Poppins-ExtraLight.ttf */,
				75813ECC2D08FD6200076442 /* Poppins-ExtraLightItalic.ttf */,
				75813ECD2D08FD6200076442 /* Poppins-Italic.ttf */,
				75813ECE2D08FD6200076442 /* Poppins-Light.ttf */,
				75813ECF2D08FD6200076442 /* Poppins-LightItalic.ttf */,
				75813ED02D08FD6200076442 /* Poppins-Medium.ttf */,
				75813ED12D08FD6200076442 /* Poppins-MediumItalic.ttf */,
				75813ED22D08FD6200076442 /* Poppins-Regular.ttf */,
				75813ED32D08FD6200076442 /* Poppins-SemiBold.ttf */,
				75813ED42D08FD6200076442 /* Poppins-SemiBoldItalic.ttf */,
				75813ED52D08FD6200076442 /* Poppins-Thin.ttf */,
				75813ED62D08FD6200076442 /* Poppins-ThinItalic.ttf */,
			);
			path = Poppins;
			sourceTree = "<group>";
		};
/* End PBXGroup section */

/* Begin PBXNativeTarget section */
		75813E562D07CD8200076442 /* Tiqzy */ = {
			isa = PBXNativeTarget;
			buildConfigurationList = 75813E7B2D07CD8300076442 /* Build configuration list for PBXNativeTarget "Tiqzy" */;
			buildPhases = (
				75813E532D07CD8200076442 /* Sources */,
				75813E542D07CD8200076442 /* Frameworks */,
				75813E552D07CD8200076442 /* Resources */,
			);
			buildRules = (
			);
			dependencies = (
			);
			fileSystemSynchronizedGroups = (
				75813E592D07CD8200076442 /* Tiqzy */,
			);
			name = Tiqzy;
			packageProductDependencies = (
			);
			productName = Tiqzy;
			productReference = 75813E572D07CD8200076442 /* Tiqzy.app */;
			productType = "com.apple.product-type.application";
		};
		75813E662D07CD8300076442 /* TiqzyTests */ = {
			isa = PBXNativeTarget;
			buildConfigurationList = 75813E7E2D07CD8300076442 /* Build configuration list for PBXNativeTarget "TiqzyTests" */;
			buildPhases = (
				75813E632D07CD8300076442 /* Sources */,
				75813E642D07CD8300076442 /* Frameworks */,
				75813E652D07CD8300076442 /* Resources */,
			);
			buildRules = (
			);
			dependencies = (
				75813E692D07CD8300076442 /* PBXTargetDependency */,
			);
			fileSystemSynchronizedGroups = (
				75813E6A2D07CD8300076442 /* TiqzyTests */,
			);
			name = TiqzyTests;
			packageProductDependencies = (
			);
			productName = TiqzyTests;
			productReference = 75813E672D07CD8300076442 /* TiqzyTests.xctest */;
			productType = "com.apple.product-type.bundle.unit-test";
		};
		75813E702D07CD8300076442 /* TiqzyUITests */ = {
			isa = PBXNativeTarget;
			buildConfigurationList = 75813E812D07CD8300076442 /* Build configuration list for PBXNativeTarget "TiqzyUITests" */;
			buildPhases = (
				75813E6D2D07CD8300076442 /* Sources */,
				75813E6E2D07CD8300076442 /* Frameworks */,
				75813E6F2D07CD8300076442 /* Resources */,
			);
			buildRules = (
			);
			dependencies = (
				75813E732D07CD8300076442 /* PBXTargetDependency */,
			);
			fileSystemSynchronizedGroups = (
				75813E742D07CD8300076442 /* TiqzyUITests */,
			);
			name = TiqzyUITests;
			packageProductDependencies = (
			);
			productName = TiqzyUITests;
			productReference = 75813E712D07CD8300076442 /* TiqzyUITests.xctest */;
			productType = "com.apple.product-type.bundle.ui-testing";
		};
/* End PBXNativeTarget section */

/* Begin PBXProject section */
		75813E4F2D07CD8200076442 /* Project object */ = {
			isa = PBXProject;
			attributes = {
				BuildIndependentTargetsInParallel = 1;
				LastSwiftUpdateCheck = 1610;
				LastUpgradeCheck = 1610;
				TargetAttributes = {
					75813E562D07CD8200076442 = {
						CreatedOnToolsVersion = 16.1;
					};
					75813E662D07CD8300076442 = {
						CreatedOnToolsVersion = 16.1;
						TestTargetID = 75813E562D07CD8200076442;
					};
					75813E702D07CD8300076442 = {
						CreatedOnToolsVersion = 16.1;
						TestTargetID = 75813E562D07CD8200076442;
					};
				};
			};
			buildConfigurationList = 75813E522D07CD8200076442 /* Build configuration list for PBXProject "Tiqzy" */;
			developmentRegion = en;
			hasScannedForEncodings = 0;
			knownRegions = (
				en,
				Base,
			);
			mainGroup = 75813E4E2D07CD8200076442;
			minimizedProjectReferenceProxies = 1;
			preferredProjectObjectVersion = 77;
			productRefGroup = 75813E582D07CD8200076442 /* Products */;
			projectDirPath = "";
			projectRoot = "";
			targets = (
				75813E562D07CD8200076442 /* Tiqzy */,
				75813E662D07CD8300076442 /* TiqzyTests */,
				75813E702D07CD8300076442 /* TiqzyUITests */,
			);
		};
/* End PBXProject section */

/* Begin PBXResourcesBuildPhase section */
		75813E552D07CD8200076442 /* Resources */ = {
			isa = PBXResourcesBuildPhase;
			buildActionMask = 2147483647;
			files = (
				75813ED82D08FD6200076442 /* Poppins-Black.ttf in Resources */,
				75813ED92D08FD6200076442 /* Poppins-Bold.ttf in Resources */,
				75813EDA2D08FD6200076442 /* Poppins-Italic.ttf in Resources */,
				75813EDC2D08FD6200076442 /* Poppins-ThinItalic.ttf in Resources */,
				75813EDD2D08FD6200076442 /* Poppins-ExtraLightItalic.ttf in Resources */,
				75813EDE2D08FD6200076442 /* Poppins-SemiBold.ttf in Resources */,
				75813EDF2D08FD6200076442 /* Poppins-ExtraLight.ttf in Resources */,
				75813EE02D08FD6200076442 /* Poppins-BlackItalic.ttf in Resources */,
				75813EE12D08FD6200076442 /* Poppins-Light.ttf in Resources */,
				75813EE22D08FD6200076442 /* Poppins-SemiBoldItalic.ttf in Resources */,
				75813EE32D08FD6200076442 /* Poppins-Medium.ttf in Resources */,
				75813EE42D08FD6200076442 /* Poppins-MediumItalic.ttf in Resources */,
				75813EE52D08FD6200076442 /* Poppins-LightItalic.ttf in Resources */,
				75813EE62D08FD6200076442 /* Poppins-ExtraBold.ttf in Resources */,
				75813EE72D08FD6200076442 /* Poppins-Regular.ttf in Resources */,
				75813EE82D08FD6200076442 /* Poppins-BoldItalic.ttf in Resources */,
				75813EE92D08FD6200076442 /* Poppins-Thin.ttf in Resources */,
				75813EEA2D08FD6200076442 /* Poppins-ExtraBoldItalic.ttf in Resources */,
			);
			runOnlyForDeploymentPostprocessing = 0;
		};
		75813E652D07CD8300076442 /* Resources */ = {
			isa = PBXResourcesBuildPhase;
			buildActionMask = 2147483647;
			files = (
			);
			runOnlyForDeploymentPostprocessing = 0;
		};
		75813E6F2D07CD8300076442 /* Resources */ = {
			isa = PBXResourcesBuildPhase;
			buildActionMask = 2147483647;
			files = (
			);
			runOnlyForDeploymentPostprocessing = 0;
		};
/* End PBXResourcesBuildPhase section */

/* Begin PBXSourcesBuildPhase section */
		75813E532D07CD8200076442 /* Sources */ = {
			isa = PBXSourcesBuildPhase;
			buildActionMask = 2147483647;
			files = (
			);
			runOnlyForDeploymentPostprocessing = 0;
		};
		75813E632D07CD8300076442 /* Sources */ = {
			isa = PBXSourcesBuildPhase;
			buildActionMask = 2147483647;
			files = (
			);
			runOnlyForDeploymentPostprocessing = 0;
		};
		75813E6D2D07CD8300076442 /* Sources */ = {
			isa = PBXSourcesBuildPhase;
			buildActionMask = 2147483647;
			files = (
			);
			runOnlyForDeploymentPostprocessing = 0;
		};
/* End PBXSourcesBuildPhase section */

/* Begin PBXTargetDependency section */
		75813E692D07CD8300076442 /* PBXTargetDependency */ = {
			isa = PBXTargetDependency;
			target = 75813E562D07CD8200076442 /* Tiqzy */;
			targetProxy = 75813E682D07CD8300076442 /* PBXContainerItemProxy */;
		};
		75813E732D07CD8300076442 /* PBXTargetDependency */ = {
			isa = PBXTargetDependency;
			target = 75813E562D07CD8200076442 /* Tiqzy */;
			targetProxy = 75813E722D07CD8300076442 /* PBXContainerItemProxy */;
		};
/* End PBXTargetDependency section */

/* Begin XCBuildConfiguration section */
		75813E792D07CD8300076442 /* Debug */ = {
			isa = XCBuildConfiguration;
			buildSettings = {
				ALWAYS_SEARCH_USER_PATHS = NO;
				ASSETCATALOG_COMPILER_GENERATE_SWIFT_ASSET_SYMBOL_EXTENSIONS = YES;
				CLANG_ANALYZER_NONNULL = YES;
				CLANG_ANALYZER_NUMBER_OBJECT_CONVERSION = YES_AGGRESSIVE;
				CLANG_CXX_LANGUAGE_STANDARD = "gnu++20";
				CLANG_ENABLE_MODULES = YES;
				CLANG_ENABLE_OBJC_ARC = YES;
				CLANG_ENABLE_OBJC_WEAK = YES;
				CLANG_WARN_BLOCK_CAPTURE_AUTORELEASING = YES;
				CLANG_WARN_BOOL_CONVERSION = YES;
				CLANG_WARN_COMMA = YES;
				CLANG_WARN_CONSTANT_CONVERSION = YES;
				CLANG_WARN_DEPRECATED_OBJC_IMPLEMENTATIONS = YES;
				CLANG_WARN_DIRECT_OBJC_ISA_USAGE = YES_ERROR;
				CLANG_WARN_DOCUMENTATION_COMMENTS = YES;
				CLANG_WARN_EMPTY_BODY = YES;
				CLANG_WARN_ENUM_CONVERSION = YES;
				CLANG_WARN_INFINITE_RECURSION = YES;
				CLANG_WARN_INT_CONVERSION = YES;
				CLANG_WARN_NON_LITERAL_NULL_CONVERSION = YES;
				CLANG_WARN_OBJC_IMPLICIT_RETAIN_SELF = YES;
				CLANG_WARN_OBJC_LITERAL_CONVERSION = YES;
				CLANG_WARN_OBJC_ROOT_CLASS = YES_ERROR;
				CLANG_WARN_QUOTED_INCLUDE_IN_FRAMEWORK_HEADER = YES;
				CLANG_WARN_RANGE_LOOP_ANALYSIS = YES;
				CLANG_WARN_STRICT_PROTOTYPES = YES;
				CLANG_WARN_SUSPICIOUS_MOVE = YES;
				CLANG_WARN_UNGUARDED_AVAILABILITY = YES_AGGRESSIVE;
				CLANG_WARN_UNREACHABLE_CODE = YES;
				CLANG_WARN__DUPLICATE_METHOD_MATCH = YES;
				COPY_PHASE_STRIP = NO;
				DEBUG_INFORMATION_FORMAT = dwarf;
				ENABLE_STRICT_OBJC_MSGSEND = YES;
				ENABLE_TESTABILITY = YES;
				ENABLE_USER_SCRIPT_SANDBOXING = YES;
				GCC_C_LANGUAGE_STANDARD = gnu17;
				GCC_DYNAMIC_NO_PIC = NO;
				GCC_NO_COMMON_BLOCKS = YES;
				GCC_OPTIMIZATION_LEVEL = 0;
				GCC_PREPROCESSOR_DEFINITIONS = (
					"DEBUG=1",
					"$(inherited)",
				);
				GCC_WARN_64_TO_32_BIT_CONVERSION = YES;
				GCC_WARN_ABOUT_RETURN_TYPE = YES_ERROR;
				GCC_WARN_UNDECLARED_SELECTOR = YES;
				GCC_WARN_UNINITIALIZED_AUTOS = YES_AGGRESSIVE;
				GCC_WARN_UNUSED_FUNCTION = YES;
				GCC_WARN_UNUSED_VARIABLE = YES;
				IPHONEOS_DEPLOYMENT_TARGET = 18.1;
				LOCALIZATION_PREFERS_STRING_CATALOGS = YES;
				MTL_ENABLE_DEBUG_INFO = INCLUDE_SOURCE;
				MTL_FAST_MATH = YES;
				ONLY_ACTIVE_ARCH = YES;
				SDKROOT = iphoneos;
				SWIFT_ACTIVE_COMPILATION_CONDITIONS = "DEBUG $(inherited)";
				SWIFT_OPTIMIZATION_LEVEL = "-Onone";
			};
			name = Debug;
		};
		75813E7A2D07CD8300076442 /* Release */ = {
			isa = XCBuildConfiguration;
			buildSettings = {
				ALWAYS_SEARCH_USER_PATHS = NO;
				ASSETCATALOG_COMPILER_GENERATE_SWIFT_ASSET_SYMBOL_EXTENSIONS = YES;
				CLANG_ANALYZER_NONNULL = YES;
				CLANG_ANALYZER_NUMBER_OBJECT_CONVERSION = YES_AGGRESSIVE;
				CLANG_CXX_LANGUAGE_STANDARD = "gnu++20";
				CLANG_ENABLE_MODULES = YES;
				CLANG_ENABLE_OBJC_ARC = YES;
				CLANG_ENABLE_OBJC_WEAK = YES;
				CLANG_WARN_BLOCK_CAPTURE_AUTORELEASING = YES;
				CLANG_WARN_BOOL_CONVERSION = YES;
				CLANG_WARN_COMMA = YES;
				CLANG_WARN_CONSTANT_CONVERSION = YES;
				CLANG_WARN_DEPRECATED_OBJC_IMPLEMENTATIONS = YES;
				CLANG_WARN_DIRECT_OBJC_ISA_USAGE = YES_ERROR;
				CLANG_WARN_DOCUMENTATION_COMMENTS = YES;
				CLANG_WARN_EMPTY_BODY = YES;
				CLANG_WARN_ENUM_CONVERSION = YES;
				CLANG_WARN_INFINITE_RECURSION = YES;
				CLANG_WARN_INT_CONVERSION = YES;
				CLANG_WARN_NON_LITERAL_NULL_CONVERSION = YES;
				CLANG_WARN_OBJC_IMPLICIT_RETAIN_SELF = YES;
				CLANG_WARN_OBJC_LITERAL_CONVERSION = YES;
				CLANG_WARN_OBJC_ROOT_CLASS = YES_ERROR;
				CLANG_WARN_QUOTED_INCLUDE_IN_FRAMEWORK_HEADER = YES;
				CLANG_WARN_RANGE_LOOP_ANALYSIS = YES;
				CLANG_WARN_STRICT_PROTOTYPES = YES;
				CLANG_WARN_SUSPICIOUS_MOVE = YES;
				CLANG_WARN_UNGUARDED_AVAILABILITY = YES_AGGRESSIVE;
				CLANG_WARN_UNREACHABLE_CODE = YES;
				CLANG_WARN__DUPLICATE_METHOD_MATCH = YES;
				COPY_PHASE_STRIP = NO;
				DEBUG_INFORMATION_FORMAT = "dwarf-with-dsym";
				ENABLE_NS_ASSERTIONS = NO;
				ENABLE_STRICT_OBJC_MSGSEND = YES;
				ENABLE_USER_SCRIPT_SANDBOXING = YES;
				GCC_C_LANGUAGE_STANDARD = gnu17;
				GCC_NO_COMMON_BLOCKS = YES;
				GCC_WARN_64_TO_32_BIT_CONVERSION = YES;
				GCC_WARN_ABOUT_RETURN_TYPE = YES_ERROR;
				GCC_WARN_UNDECLARED_SELECTOR = YES;
				GCC_WARN_UNINITIALIZED_AUTOS = YES_AGGRESSIVE;
				GCC_WARN_UNUSED_FUNCTION = YES;
				GCC_WARN_UNUSED_VARIABLE = YES;
				IPHONEOS_DEPLOYMENT_TARGET = 18.1;
				LOCALIZATION_PREFERS_STRING_CATALOGS = YES;
				MTL_ENABLE_DEBUG_INFO = NO;
				MTL_FAST_MATH = YES;
				SDKROOT = iphoneos;
				SWIFT_COMPILATION_MODE = wholemodule;
				VALIDATE_PRODUCT = YES;
			};
			name = Release;
		};
		75813E7C2D07CD8300076442 /* Debug */ = {
			isa = XCBuildConfiguration;
			buildSettings = {
				ASSETCATALOG_COMPILER_APPICON_NAME = AppIcon;
				ASSETCATALOG_COMPILER_GLOBAL_ACCENT_COLOR_NAME = AccentColor;
				CODE_SIGN_STYLE = Automatic;
				CURRENT_PROJECT_VERSION = 1;
				DEVELOPMENT_ASSET_PATHS = "\"Tiqzy/Preview Content\"";
				ENABLE_PREVIEWS = YES;
				GENERATE_INFOPLIST_FILE = YES;
				INFOPLIST_FILE = Tiqzy/Info.plist;
				INFOPLIST_KEY_UIApplicationSceneManifest_Generation = YES;
				INFOPLIST_KEY_UIApplicationSupportsIndirectInputEvents = YES;
				INFOPLIST_KEY_UILaunchScreen_Generation = YES;
				INFOPLIST_KEY_UISupportedInterfaceOrientations_iPad = "UIInterfaceOrientationPortrait UIInterfaceOrientationPortraitUpsideDown UIInterfaceOrientationLandscapeLeft UIInterfaceOrientationLandscapeRight";
				INFOPLIST_KEY_UISupportedInterfaceOrientations_iPhone = "UIInterfaceOrientationPortrait UIInterfaceOrientationLandscapeLeft UIInterfaceOrientationLandscapeRight";
				LD_RUNPATH_SEARCH_PATHS = (
					"$(inherited)",
					"@executable_path/Frameworks",
				);
				MARKETING_VERSION = 1.0;
				PRODUCT_BUNDLE_IDENTIFIER = nl.group7.Tiqzy;
				PRODUCT_NAME = "$(TARGET_NAME)";
				SWIFT_EMIT_LOC_STRINGS = YES;
				SWIFT_VERSION = 5.0;
				TARGETED_DEVICE_FAMILY = "1,2";
			};
			name = Debug;
		};
		75813E7D2D07CD8300076442 /* Release */ = {
			isa = XCBuildConfiguration;
			buildSettings = {
				ASSETCATALOG_COMPILER_APPICON_NAME = AppIcon;
				ASSETCATALOG_COMPILER_GLOBAL_ACCENT_COLOR_NAME = AccentColor;
				CODE_SIGN_STYLE = Automatic;
				CURRENT_PROJECT_VERSION = 1;
				DEVELOPMENT_ASSET_PATHS = "\"Tiqzy/Preview Content\"";
				ENABLE_PREVIEWS = YES;
				GENERATE_INFOPLIST_FILE = YES;
				INFOPLIST_FILE = Tiqzy/Info.plist;
				INFOPLIST_KEY_UIApplicationSceneManifest_Generation = YES;
				INFOPLIST_KEY_UIApplicationSupportsIndirectInputEvents = YES;
				INFOPLIST_KEY_UILaunchScreen_Generation = YES;
				INFOPLIST_KEY_UISupportedInterfaceOrientations_iPad = "UIInterfaceOrientationPortrait UIInterfaceOrientationPortraitUpsideDown UIInterfaceOrientationLandscapeLeft UIInterfaceOrientationLandscapeRight";
				INFOPLIST_KEY_UISupportedInterfaceOrientations_iPhone = "UIInterfaceOrientationPortrait UIInterfaceOrientationLandscapeLeft UIInterfaceOrientationLandscapeRight";
				LD_RUNPATH_SEARCH_PATHS = (
					"$(inherited)",
					"@executable_path/Frameworks",
				);
				MARKETING_VERSION = 1.0;
				PRODUCT_BUNDLE_IDENTIFIER = nl.group7.Tiqzy;
				PRODUCT_NAME = "$(TARGET_NAME)";
				SWIFT_EMIT_LOC_STRINGS = YES;
				SWIFT_VERSION = 5.0;
				TARGETED_DEVICE_FAMILY = "1,2";
			};
			name = Release;
		};
		75813E7F2D07CD8300076442 /* Debug */ = {
			isa = XCBuildConfiguration;
			buildSettings = {
				BUNDLE_LOADER = "$(TEST_HOST)";
				CODE_SIGN_STYLE = Automatic;
				CURRENT_PROJECT_VERSION = 1;
				GENERATE_INFOPLIST_FILE = YES;
				IPHONEOS_DEPLOYMENT_TARGET = 18.1;
				MARKETING_VERSION = 1.0;
				PRODUCT_BUNDLE_IDENTIFIER = nl.group7.TiqzyTests;
				PRODUCT_NAME = "$(TARGET_NAME)";
				SWIFT_EMIT_LOC_STRINGS = NO;
				SWIFT_VERSION = 5.0;
				TARGETED_DEVICE_FAMILY = "1,2";
				TEST_HOST = "$(BUILT_PRODUCTS_DIR)/Tiqzy.app/$(BUNDLE_EXECUTABLE_FOLDER_PATH)/Tiqzy";
			};
			name = Debug;
		};
		75813E802D07CD8300076442 /* Release */ = {
			isa = XCBuildConfiguration;
			buildSettings = {
				BUNDLE_LOADER = "$(TEST_HOST)";
				CODE_SIGN_STYLE = Automatic;
				CURRENT_PROJECT_VERSION = 1;
				GENERATE_INFOPLIST_FILE = YES;
				IPHONEOS_DEPLOYMENT_TARGET = 18.1;
				MARKETING_VERSION = 1.0;
				PRODUCT_BUNDLE_IDENTIFIER = nl.group7.TiqzyTests;
				PRODUCT_NAME = "$(TARGET_NAME)";
				SWIFT_EMIT_LOC_STRINGS = NO;
				SWIFT_VERSION = 5.0;
				TARGETED_DEVICE_FAMILY = "1,2";
				TEST_HOST = "$(BUILT_PRODUCTS_DIR)/Tiqzy.app/$(BUNDLE_EXECUTABLE_FOLDER_PATH)/Tiqzy";
			};
			name = Release;
		};
		75813E822D07CD8300076442 /* Debug */ = {
			isa = XCBuildConfiguration;
			buildSettings = {
				CODE_SIGN_STYLE = Automatic;
				CURRENT_PROJECT_VERSION = 1;
				GENERATE_INFOPLIST_FILE = YES;
				MARKETING_VERSION = 1.0;
				PRODUCT_BUNDLE_IDENTIFIER = nl.group7.TiqzyUITests;
				PRODUCT_NAME = "$(TARGET_NAME)";
				SWIFT_EMIT_LOC_STRINGS = NO;
				SWIFT_VERSION = 5.0;
				TARGETED_DEVICE_FAMILY = "1,2";
				TEST_TARGET_NAME = Tiqzy;
			};
			name = Debug;
		};
		75813E832D07CD8300076442 /* Release */ = {
			isa = XCBuildConfiguration;
			buildSettings = {
				CODE_SIGN_STYLE = Automatic;
				CURRENT_PROJECT_VERSION = 1;
				GENERATE_INFOPLIST_FILE = YES;
				MARKETING_VERSION = 1.0;
				PRODUCT_BUNDLE_IDENTIFIER = nl.group7.TiqzyUITests;
				PRODUCT_NAME = "$(TARGET_NAME)";
				SWIFT_EMIT_LOC_STRINGS = NO;
				SWIFT_VERSION = 5.0;
				TARGETED_DEVICE_FAMILY = "1,2";
				TEST_TARGET_NAME = Tiqzy;
			};
			name = Release;
		};
/* End XCBuildConfiguration section */

/* Begin XCConfigurationList section */
		75813E522D07CD8200076442 /* Build configuration list for PBXProject "Tiqzy" */ = {
			isa = XCConfigurationList;
			buildConfigurations = (
				75813E792D07CD8300076442 /* Debug */,
				75813E7A2D07CD8300076442 /* Release */,
			);
			defaultConfigurationIsVisible = 0;
			defaultConfigurationName = Release;
		};
		75813E7B2D07CD8300076442 /* Build configuration list for PBXNativeTarget "Tiqzy" */ = {
			isa = XCConfigurationList;
			buildConfigurations = (
				75813E7C2D07CD8300076442 /* Debug */,
				75813E7D2D07CD8300076442 /* Release */,
			);
			defaultConfigurationIsVisible = 0;
			defaultConfigurationName = Release;
		};
		75813E7E2D07CD8300076442 /* Build configuration list for PBXNativeTarget "TiqzyTests" */ = {
			isa = XCConfigurationList;
			buildConfigurations = (
				75813E7F2D07CD8300076442 /* Debug */,
				75813E802D07CD8300076442 /* Release */,
			);
			defaultConfigurationIsVisible = 0;
			defaultConfigurationName = Release;
		};
		75813E812D07CD8300076442 /* Build configuration list for PBXNativeTarget "TiqzyUITests" */ = {
			isa = XCConfigurationList;
			buildConfigurations = (
				75813E822D07CD8300076442 /* Debug */,
				75813E832D07CD8300076442 /* Release */,
			);
			defaultConfigurationIsVisible = 0;
			defaultConfigurationName = Release;
		};
/* End XCConfigurationList section */
	};
	rootObject = 75813E4F2D07CD8200076442 /* Project object */;
}
